
Microsoft Visual Studio Solution File, Format Version 12.00
# Visual Studio Version 17
VisualStudioVersion = 17.3.32929.385
MinimumVisualStudioVersion = 10.0.40219.1
Project("{FAE04EC0-301F-11D3-BF4B-00C04F79EFBC}") = "Hritcu_DragosCristian_Lab1", "Hritcu_DragosCristian_Lab1.csproj", "{F80C78FF-0F22-451D-97FC-A1CF1F09BBDB}"
EndProject
Global
	GlobalSection(SolutionConfigurationPlatforms) = preSolution
		Debug|Any CPU = Debug|Any CPU
		Release|Any CPU = Release|Any CPU
	EndGlobalSection
	GlobalSection(ProjectConfigurationPlatforms) = postSolution
		{F80C78FF-0F22-451D-97FC-A1CF1F09BBDB}.Debug|Any CPU.ActiveCfg = Debug|Any CPU
		{F80C78FF-0F22-451D-97FC-A1CF1F09BBDB}.Debug|Any CPU.Build.0 = Debug|Any CPU
		{F80C78FF-0F22-451D-97FC-A1CF1F09BBDB}.Release|Any CPU.ActiveCfg = Release|Any CPU
		{F80C78FF-0F22-451D-97FC-A1CF1F09BBDB}.Release|Any CPU.Build.0 = Release|Any CPU
	EndGlobalSection
	GlobalSection(SolutionProperties) = preSolution
		HideSolutionNode = FALSE
	EndGlobalSection
	GlobalSection(ExtensibilityGlobals) = postSolution
		SolutionGuid = {5489AD57-7E84-44AA-B834-9F0A9774B95E}
	EndGlobalSection
EndGlobal
